
Microsoft Visual Studio Solution File, Format Version 12.00
# Visual Studio Version 17
VisualStudioVersion = 17.11.35222.181
MinimumVisualStudioVersion = 10.0.40219.1
Project("{FAE04EC0-301F-11D3-BF4B-00C04F79EFBC}") = "SubEditor", "SubEditor.csproj", "{492CAF1E-1F6B-4EA0-B854-96B789FC688A}"
EndProject
Global
	GlobalSection(SolutionConfigurationPlatforms) = preSolution
		Debug|Any CPU = Debug|Any CPU
		Release|Any CPU = Release|Any CPU
	EndGlobalSection
	GlobalSection(ProjectConfigurationPlatforms) = postSolution
		{492CAF1E-1F6B-4EA0-B854-96B789FC688A}.Debug|Any CPU.ActiveCfg = Debug|Any CPU
		{492CAF1E-1F6B-4EA0-B854-96B789FC688A}.Debug|Any CPU.Build.0 = Debug|Any CPU
		{492CAF1E-1F6B-4EA0-B854-96B789FC688A}.Release|Any CPU.ActiveCfg = Release|Any CPU
		{492CAF1E-1F6B-4EA0-B854-96B789FC688A}.Release|Any CPU.Build.0 = Release|Any CPU
	EndGlobalSection
	GlobalSection(SolutionProperties) = preSolution
		HideSolutionNode = FALSE
	EndGlobalSection
	GlobalSection(ExtensibilityGlobals) = postSolution
		SolutionGuid = {B86F0B42-8C38-4E4D-A496-D6A8279E558D}
	EndGlobalSection
EndGlobal
